
Microsoft Visual Studio Solution File, Format Version 12.00
# Visual Studio Version 16
VisualStudioVersion = 16.0.32126.315
MinimumVisualStudioVersion = 10.0.40219.1
Project("{FAE04EC0-301F-11D3-BF4B-00C04F79EFBC}") = "SAFETY_Web", "SAFETY\SAFETY_Web.csproj", "{7183B704-787D-452C-A1CC-B7992F7663AA}"
EndProject
Project("{00D1A9C2-B5F0-4AF3-8072-F6C62B433612}") = "SAFETY_Database", "SAFETY_Database\SAFETY_Database.sqlproj", "{47C4D977-8AFF-4445-8845-3DA9E3D53064}"
EndProject
Project("{FAE04EC0-301F-11D3-BF4B-00C04F79EFBC}") = "SAFETYModel", "SAFETYModel\SAFETYModel.csproj", "{8C6877A5-A22F-426E-B941-40DEEECECCCC}"
EndProject
Project("{FAE04EC0-301F-11D3-BF4B-00C04F79EFBC}") = "SAFETYService", "SAFETYService\SAFETYService.csproj", "{62199D24-85F0-4C27-AD42-EFC422CC4328}"
EndProject
Global
	GlobalSection(SolutionConfigurationPlatforms) = preSolution
		Debug|Any CPU = Debug|Any CPU
		Release|Any CPU = Release|Any CPU
	EndGlobalSection
	GlobalSection(ProjectConfigurationPlatforms) = postSolution
		{7183B704-787D-452C-A1CC-B7992F7663AA}.Debug|Any CPU.ActiveCfg = Debug|Any CPU
		{7183B704-787D-452C-A1CC-B7992F7663AA}.Debug|Any CPU.Build.0 = Debug|Any CPU
		{7183B704-787D-452C-A1CC-B7992F7663AA}.Release|Any CPU.ActiveCfg = Release|Any CPU
		{7183B704-787D-452C-A1CC-B7992F7663AA}.Release|Any CPU.Build.0 = Release|Any CPU
		{47C4D977-8AFF-4445-8845-3DA9E3D53064}.Debug|Any CPU.ActiveCfg = Debug|Any CPU
		{47C4D977-8AFF-4445-8845-3DA9E3D53064}.Debug|Any CPU.Build.0 = Debug|Any CPU
		{47C4D977-8AFF-4445-8845-3DA9E3D53064}.Debug|Any CPU.Deploy.0 = Debug|Any CPU
		{47C4D977-8AFF-4445-8845-3DA9E3D53064}.Release|Any CPU.ActiveCfg = Release|Any CPU
		{47C4D977-8AFF-4445-8845-3DA9E3D53064}.Release|Any CPU.Build.0 = Release|Any CPU
		{47C4D977-8AFF-4445-8845-3DA9E3D53064}.Release|Any CPU.Deploy.0 = Release|Any CPU
		{8C6877A5-A22F-426E-B941-40DEEECECCCC}.Debug|Any CPU.ActiveCfg = Debug|Any CPU
		{8C6877A5-A22F-426E-B941-40DEEECECCCC}.Debug|Any CPU.Build.0 = Debug|Any CPU
		{8C6877A5-A22F-426E-B941-40DEEECECCCC}.Release|Any CPU.ActiveCfg = Release|Any CPU
		{8C6877A5-A22F-426E-B941-40DEEECECCCC}.Release|Any CPU.Build.0 = Release|Any CPU
		{62199D24-85F0-4C27-AD42-EFC422CC4328}.Debug|Any CPU.ActiveCfg = Debug|Any CPU
		{62199D24-85F0-4C27-AD42-EFC422CC4328}.Debug|Any CPU.Build.0 = Debug|Any CPU
		{62199D24-85F0-4C27-AD42-EFC422CC4328}.Release|Any CPU.ActiveCfg = Release|Any CPU
		{62199D24-85F0-4C27-AD42-EFC422CC4328}.Release|Any CPU.Build.0 = Release|Any CPU
	EndGlobalSection
	GlobalSection(SolutionProperties) = preSolution
		HideSolutionNode = FALSE
	EndGlobalSection
	GlobalSection(ExtensibilityGlobals) = postSolution
		SolutionGuid = {F312BE3A-E321-469C-9172-B52F5C6E2E70}
	EndGlobalSection
EndGlobal
